// !$*UTF8*$!
{
	archiveVersion = 1;
	classes = {
	};
	objectVersion = 46;
	objects = {

/* Begin PBXBuildFile section */
		887976D3173441ED00935E17 /* UIKit.framework in Frameworks */ = {isa = PBXBuildFile; fileRef = 887976D2173441ED00935E17 /* UIKit.framework */; };
		887976D5173441ED00935E17 /* Foundation.framework in Frameworks */ = {isa = PBXBuildFile; fileRef = 887976D4173441ED00935E17 /* Foundation.framework */; };
		887976D7173441ED00935E17 /* CoreGraphics.framework in Frameworks */ = {isa = PBXBuildFile; fileRef = 887976D6173441ED00935E17 /* CoreGraphics.framework */; };
		887976DD173441ED00935E17 /* InfoPlist.strings in Resources */ = {isa = PBXBuildFile; fileRef = 887976DB173441ED00935E17 /* InfoPlist.strings */; };
		887976DF173441ED00935E17 /* main.m in Sources */ = {isa = PBXBuildFile; fileRef = 887976DE173441ED00935E17 /* main.m */; };
		887976E3173441ED00935E17 /* AppDelegate.m in Sources */ = {isa = PBXBuildFile; fileRef = 887976E2173441ED00935E17 /* AppDelegate.m */; };
		887976E5173441ED00935E17 /* Default.png in Resources */ = {isa = PBXBuildFile; fileRef = 887976E4173441ED00935E17 /* Default.png */; };
		887976E7173441ED00935E17 /* Default@2x.png in Resources */ = {isa = PBXBuildFile; fileRef = 887976E6173441ED00935E17 /* Default@2x.png */; };
		887976E9173441ED00935E17 /* Default-568h@2x.png in Resources */ = {isa = PBXBuildFile; fileRef = 887976E8173441ED00935E17 /* Default-568h@2x.png */; };
		887976F21734422200935E17 /* ColorViewController.m in Sources */ = {isa = PBXBuildFile; fileRef = 887976F01734422200935E17 /* ColorViewController.m */; };
		887976F31734422200935E17 /* ColorViewController.xib in Resources */ = {isa = PBXBuildFile; fileRef = 887976F11734422200935E17 /* ColorViewController.xib */; };
		887976F5173558E900935E17 /* QuartzCore.framework in Frameworks */ = {isa = PBXBuildFile; fileRef = 887976F4173558E900935E17 /* QuartzCore.framework */; };
		88B8EEBA1735825B00AAD8F4 /* 2-voice.mp3 in Resources */ = {isa = PBXBuildFile; fileRef = 88B8EEB71735825B00AAD8F4 /* 2-voice.mp3 */; };
		88B8EEBB1735825B00AAD8F4 /* numbers-song.mp3 in Resources */ = {isa = PBXBuildFile; fileRef = 88B8EEB81735825B00AAD8F4 /* numbers-song.mp3 */; };
		88B8EEBC1735825B00AAD8F4 /* 1-voice.mp3 in Resources */ = {isa = PBXBuildFile; fileRef = 88B8EEB91735825B00AAD8F4 /* 1-voice.mp3 */; };
		88B8EEBE173582B900AAD8F4 /* hello.mp3 in Resources */ = {isa = PBXBuildFile; fileRef = 88B8EEBD173582B900AAD8F4 /* hello.mp3 */; };
		88B8EEC8173583C800AAD8F4 /* 1.mp3 in Resources */ = {isa = PBXBuildFile; fileRef = 88B8EEBF173583C800AAD8F4 /* 1.mp3 */; };
		88B8EEC9173583C800AAD8F4 /* 2.mp3 in Resources */ = {isa = PBXBuildFile; fileRef = 88B8EEC0173583C800AAD8F4 /* 2.mp3 */; };
		88B8EECA173583C800AAD8F4 /* 3.mp3 in Resources */ = {isa = PBXBuildFile; fileRef = 88B8EEC1173583C800AAD8F4 /* 3.mp3 */; };
		88B8EECB173583C800AAD8F4 /* 4.mp3 in Resources */ = {isa = PBXBuildFile; fileRef = 88B8EEC2173583C800AAD8F4 /* 4.mp3 */; };
		88B8EECC173583C800AAD8F4 /* 5.mp3 in Resources */ = {isa = PBXBuildFile; fileRef = 88B8EEC3173583C800AAD8F4 /* 5.mp3 */; };
		88B8EECD173583C800AAD8F4 /* 6.mp3 in Resources */ = {isa = PBXBuildFile; fileRef = 88B8EEC4173583C800AAD8F4 /* 6.mp3 */; };
		88B8EECE173583C800AAD8F4 /* 7.mp3 in Resources */ = {isa = PBXBuildFile; fileRef = 88B8EEC5173583C800AAD8F4 /* 7.mp3 */; };
		88B8EECF173583C800AAD8F4 /* 9.mp3 in Resources */ = {isa = PBXBuildFile; fileRef = 88B8EEC6173583C800AAD8F4 /* 9.mp3 */; };
		88B8EED0173583C800AAD8F4 /* 10.mp3 in Resources */ = {isa = PBXBuildFile; fileRef = 88B8EEC7173583C800AAD8F4 /* 10.mp3 */; };
		88B8EED21735853A00AAD8F4 /* AudioToolbox.framework in Frameworks */ = {isa = PBXBuildFile; fileRef = 88B8EED11735853A00AAD8F4 /* AudioToolbox.framework */; };
		88B8EEDF1735896E00AAD8F4 /* Black.mp3 in Resources */ = {isa = PBXBuildFile; fileRef = 88B8EED51735896E00AAD8F4 /* Black.mp3 */; };
		88B8EEE01735896E00AAD8F4 /* Blue.mp3 in Resources */ = {isa = PBXBuildFile; fileRef = 88B8EED61735896E00AAD8F4 /* Blue.mp3 */; };
		88B8EEE11735896E00AAD8F4 /* Brown.mp3 in Resources */ = {isa = PBXBuildFile; fileRef = 88B8EED71735896E00AAD8F4 /* Brown.mp3 */; };
		88B8EEE21735896E00AAD8F4 /* Green.mp3 in Resources */ = {isa = PBXBuildFile; fileRef = 88B8EED81735896E00AAD8F4 /* Green.mp3 */; };
		88B8EEE31735896E00AAD8F4 /* Gray.mp3 in Resources */ = {isa = PBXBuildFile; fileRef = 88B8EED91735896E00AAD8F4 /* Gray.mp3 */; };
		88B8EEE41735896E00AAD8F4 /* Orange.mp3 in Resources */ = {isa = PBXBuildFile; fileRef = 88B8EEDA1735896E00AAD8F4 /* Orange.mp3 */; };
		88B8EEE51735896E00AAD8F4 /* Pink.mp3 in Resources */ = {isa = PBXBuildFile; fileRef = 88B8EEDB1735896E00AAD8F4 /* Pink.mp3 */; };
		88B8EEE61735896E00AAD8F4 /* Red.mp3 in Resources */ = {isa = PBXBuildFile; fileRef = 88B8EEDC1735896E00AAD8F4 /* Red.mp3 */; };
		88B8EEE71735896E00AAD8F4 /* White.mp3 in Resources */ = {isa = PBXBuildFile; fileRef = 88B8EEDD1735896E00AAD8F4 /* White.mp3 */; };
		88B8EEE81735896E00AAD8F4 /* Yellow.mp3 in Resources */ = {isa = PBXBuildFile; fileRef = 88B8EEDE1735896E00AAD8F4 /* Yellow.mp3 */; };
		88B8EEEB173589EF00AAD8F4 /* UIButtonExtras.m in Sources */ = {isa = PBXBuildFile; fileRef = 88B8EEEA173589EE00AAD8F4 /* UIButtonExtras.m */; };
		88B8EEED1737067D00AAD8F4 /* game-1_icon.png in Resources */ = {isa = PBXBuildFile; fileRef = 88B8EEEC1737067D00AAD8F4 /* game-1_icon.png */; };
		88B8EEEF173706BD00AAD8F4 /* game-1_icon_retina.png in Resources */ = {isa = PBXBuildFile; fileRef = 88B8EEEE173706BD00AAD8F4 /* game-1_icon_retina.png */; };
		88B8EEFE17398FFA00AAD8F4 /* Note-black.png in Resources */ = {isa = PBXBuildFile; fileRef = 88B8EEF717398FFA00AAD8F4 /* Note-black.png */; };
		88B8EF0017398FFA00AAD8F4 /* Note.png in Resources */ = {isa = PBXBuildFile; fileRef = 88B8EEF917398FFA00AAD8F4 /* Note.png */; };
		88B8EF0D17399DB700AAD8F4 /* Dots-105x91-black.png in Resources */ = {isa = PBXBuildFile; fileRef = 88B8EF0917399DB700AAD8F4 /* Dots-105x91-black.png */; };
		88B8EF0E17399DB700AAD8F4 /* Dots-105x91-white.png in Resources */ = {isa = PBXBuildFile; fileRef = 88B8EF0A17399DB700AAD8F4 /* Dots-105x91-white.png */; };
		88B8EF0F17399DB700AAD8F4 /* Dots-213x91-black.png in Resources */ = {isa = PBXBuildFile; fileRef = 88B8EF0B17399DB700AAD8F4 /* Dots-213x91-black.png */; };
		88B8EF1017399DB700AAD8F4 /* Dots-213x91-white.png in Resources */ = {isa = PBXBuildFile; fileRef = 88B8EF0C17399DB700AAD8F4 /* Dots-213x91-white.png */; };
		88B8EF121739ACBB00AAD8F4 /* game-1.png in Resources */ = {isa = PBXBuildFile; fileRef = 88B8EF111739ACBB00AAD8F4 /* game-1.png */; };
		88B8EF14173AAF4300AAD8F4 /* Buy-button.png in Resources */ = {isa = PBXBuildFile; fileRef = 88B8EF13173AAF4300AAD8F4 /* Buy-button.png */; };
		88B8EF16173AAF6A00AAD8F4 /* Note-white.png in Resources */ = {isa = PBXBuildFile; fileRef = 88B8EF15173AAF6A00AAD8F4 /* Note-white.png */; };
		88B8EF18173AAF9100AAD8F4 /* Random-white.png in Resources */ = {isa = PBXBuildFile; fileRef = 88B8EF17173AAF9100AAD8F4 /* Random-white.png */; };
		88B8EF1A173AAF9E00AAD8F4 /* game-2.png in Resources */ = {isa = PBXBuildFile; fileRef = 88B8EF19173AAF9E00AAD8F4 /* game-2.png */; };
		88B8EF30173EA79000AAD8F4 /* 8.mp3 in Resources */ = {isa = PBXBuildFile; fileRef = 88B8EF2F173EA79000AAD8F4 /* 8.mp3 */; };
		88B8EF32173EA92A00AAD8F4 /* Buy-Shapes.png in Resources */ = {isa = PBXBuildFile; fileRef = 88B8EF31173EA92900AAD8F4 /* Buy-Shapes.png */; };
/* End PBXBuildFile section */

/* Begin PBXFileReference section */
		887976CF173441ED00935E17 /* BixGame.app */ = {isa = PBXFileReference; explicitFileType = wrapper.application; includeInIndex = 0; path = BixGame.app; sourceTree = BUILT_PRODUCTS_DIR; };
		887976D2173441ED00935E17 /* UIKit.framework */ = {isa = PBXFileReference; lastKnownFileType = wrapper.framework; name = UIKit.framework; path = System/Library/Frameworks/UIKit.framework; sourceTree = SDKROOT; };
		887976D4173441ED00935E17 /* Foundation.framework */ = {isa = PBXFileReference; lastKnownFileType = wrapper.framework; name = Foundation.framework; path = System/Library/Frameworks/Foundation.framework; sourceTree = SDKROOT; };
		887976D6173441ED00935E17 /* CoreGraphics.framework */ = {isa = PBXFileReference; lastKnownFileType = wrapper.framework; name = CoreGraphics.framework; path = System/Library/Frameworks/CoreGraphics.framework; sourceTree = SDKROOT; };
		887976DA173441ED00935E17 /* BixGame-Info.plist */ = {isa = PBXFileReference; lastKnownFileType = text.plist.xml; path = "BixGame-Info.plist"; sourceTree = "<group>"; };
		887976DC173441ED00935E17 /* en */ = {isa = PBXFileReference; lastKnownFileType = text.plist.strings; name = en; path = en.lproj/InfoPlist.strings; sourceTree = "<group>"; };
		887976DE173441ED00935E17 /* main.m */ = {isa = PBXFileReference; lastKnownFileType = sourcecode.c.objc; path = main.m; sourceTree = "<group>"; };
		887976E0173441ED00935E17 /* BixGame-Prefix.pch */ = {isa = PBXFileReference; lastKnownFileType = sourcecode.c.h; path = "BixGame-Prefix.pch"; sourceTree = "<group>"; };
		887976E1173441ED00935E17 /* AppDelegate.h */ = {isa = PBXFileReference; lastKnownFileType = sourcecode.c.h; path = AppDelegate.h; sourceTree = "<group>"; };
		887976E2173441ED00935E17 /* AppDelegate.m */ = {isa = PBXFileReference; lastKnownFileType = sourcecode.c.objc; path = AppDelegate.m; sourceTree = "<group>"; };
		887976E4173441ED00935E17 /* Default.png */ = {isa = PBXFileReference; lastKnownFileType = image.png; path = Default.png; sourceTree = "<group>"; };
		887976E6173441ED00935E17 /* Default@2x.png */ = {isa = PBXFileReference; lastKnownFileType = image.png; path = "Default@2x.png"; sourceTree = "<group>"; };
		887976E8173441ED00935E17 /* Default-568h@2x.png */ = {isa = PBXFileReference; lastKnownFileType = image.png; path = "Default-568h@2x.png"; sourceTree = "<group>"; };
		887976EF1734422200935E17 /* ColorViewController.h */ = {isa = PBXFileReference; fileEncoding = 4; lastKnownFileType = sourcecode.c.h; path = ColorViewController.h; sourceTree = "<group>"; };
		887976F01734422200935E17 /* ColorViewController.m */ = {isa = PBXFileReference; fileEncoding = 4; lastKnownFileType = sourcecode.c.objc; path = ColorViewController.m; sourceTree = "<group>"; };
		887976F11734422200935E17 /* ColorViewController.xib */ = {isa = PBXFileReference; fileEncoding = 4; lastKnownFileType = file.xib; path = ColorViewController.xib; sourceTree = "<group>"; };
		887976F4173558E900935E17 /* QuartzCore.framework */ = {isa = PBXFileReference; lastKnownFileType = wrapper.framework; name = QuartzCore.framework; path = System/Library/Frameworks/QuartzCore.framework; sourceTree = SDKROOT; };
		88B8EEB71735825B00AAD8F4 /* 2-voice.mp3 */ = {isa = PBXFileReference; lastKnownFileType = audio.mp3; path = "2-voice.mp3"; sourceTree = "<group>"; };
		88B8EEB81735825B00AAD8F4 /* numbers-song.mp3 */ = {isa = PBXFileReference; lastKnownFileType = audio.mp3; path = "numbers-song.mp3"; sourceTree = "<group>"; };
		88B8EEB91735825B00AAD8F4 /* 1-voice.mp3 */ = {isa = PBXFileReference; lastKnownFileType = audio.mp3; path = "1-voice.mp3"; sourceTree = "<group>"; };
		88B8EEBD173582B900AAD8F4 /* hello.mp3 */ = {isa = PBXFileReference; lastKnownFileType = audio.mp3; path = hello.mp3; sourceTree = "<group>"; };
		88B8EEBF173583C800AAD8F4 /* 1.mp3 */ = {isa = PBXFileReference; lastKnownFileType = audio.mp3; path = 1.mp3; sourceTree = "<group>"; };
		88B8EEC0173583C800AAD8F4 /* 2.mp3 */ = {isa = PBXFileReference; lastKnownFileType = audio.mp3; path = 2.mp3; sourceTree = "<group>"; };
		88B8EEC1173583C800AAD8F4 /* 3.mp3 */ = {isa = PBXFileReference; lastKnownFileType = audio.mp3; path = 3.mp3; sourceTree = "<group>"; };
		88B8EEC2173583C800AAD8F4 /* 4.mp3 */ = {isa = PBXFileReference; lastKnownFileType = audio.mp3; path = 4.mp3; sourceTree = "<group>"; };
		88B8EEC3173583C800AAD8F4 /* 5.mp3 */ = {isa = PBXFileReference; lastKnownFileType = audio.mp3; path = 5.mp3; sourceTree = "<group>"; };
		88B8EEC4173583C800AAD8F4 /* 6.mp3 */ = {isa = PBXFileReference; lastKnownFileType = audio.mp3; path = 6.mp3; sourceTree = "<group>"; };
		88B8EEC5173583C800AAD8F4 /* 7.mp3 */ = {isa = PBXFileReference; lastKnownFileType = audio.mp3; path = 7.mp3; sourceTree = "<group>"; };
		88B8EEC6173583C800AAD8F4 /* 9.mp3 */ = {isa = PBXFileReference; lastKnownFileType = audio.mp3; path = 9.mp3; sourceTree = "<group>"; };
		88B8EEC7173583C800AAD8F4 /* 10.mp3 */ = {isa = PBXFileReference; lastKnownFileType = audio.mp3; path = 10.mp3; sourceTree = "<group>"; };
		88B8EED11735853A00AAD8F4 /* AudioToolbox.framework */ = {isa = PBXFileReference; lastKnownFileType = wrapper.framework; name = AudioToolbox.framework; path = System/Library/Frameworks/AudioToolbox.framework; sourceTree = SDKROOT; };
		88B8EED51735896E00AAD8F4 /* Black.mp3 */ = {isa = PBXFileReference; lastKnownFileType = audio.mp3; path = Black.mp3; sourceTree = "<group>"; };
		88B8EED61735896E00AAD8F4 /* Blue.mp3 */ = {isa = PBXFileReference; lastKnownFileType = audio.mp3; path = Blue.mp3; sourceTree = "<group>"; };
		88B8EED71735896E00AAD8F4 /* Brown.mp3 */ = {isa = PBXFileReference; lastKnownFileType = audio.mp3; path = Brown.mp3; sourceTree = "<group>"; };
		88B8EED81735896E00AAD8F4 /* Green.mp3 */ = {isa = PBXFileReference; lastKnownFileType = audio.mp3; path = Green.mp3; sourceTree = "<group>"; };
		88B8EED91735896E00AAD8F4 /* Gray.mp3 */ = {isa = PBXFileReference; lastKnownFileType = audio.mp3; path = Gray.mp3; sourceTree = "<group>"; };
		88B8EEDA1735896E00AAD8F4 /* Orange.mp3 */ = {isa = PBXFileReference; lastKnownFileType = audio.mp3; path = Orange.mp3; sourceTree = "<group>"; };
		88B8EEDB1735896E00AAD8F4 /* Pink.mp3 */ = {isa = PBXFileReference; lastKnownFileType = audio.mp3; path = Pink.mp3; sourceTree = "<group>"; };
		88B8EEDC1735896E00AAD8F4 /* Red.mp3 */ = {isa = PBXFileReference; lastKnownFileType = audio.mp3; path = Red.mp3; sourceTree = "<group>"; };
		88B8EEDD1735896E00AAD8F4 /* White.mp3 */ = {isa = PBXFileReference; lastKnownFileType = audio.mp3; path = White.mp3; sourceTree = "<group>"; };
		88B8EEDE1735896E00AAD8F4 /* Yellow.mp3 */ = {isa = PBXFileReference; lastKnownFileType = audio.mp3; path = Yellow.mp3; sourceTree = "<group>"; };
		88B8EEE9173589EE00AAD8F4 /* UIButtonExtras.h */ = {isa = PBXFileReference; fileEncoding = 4; lastKnownFileType = sourcecode.c.h; name = UIButtonExtras.h; path = ../UIButtonExtras.h; sourceTree = "<group>"; };
		88B8EEEA173589EE00AAD8F4 /* UIButtonExtras.m */ = {isa = PBXFileReference; fileEncoding = 4; lastKnownFileType = sourcecode.c.objc; name = UIButtonExtras.m; path = ../UIButtonExtras.m; sourceTree = "<group>"; };
		88B8EEEC1737067D00AAD8F4 /* game-1_icon.png */ = {isa = PBXFileReference; lastKnownFileType = image.png; name = "game-1_icon.png"; path = "../game-1_icon.png"; sourceTree = "<group>"; };
		88B8EEEE173706BD00AAD8F4 /* game-1_icon_retina.png */ = {isa = PBXFileReference; lastKnownFileType = image.png; name = "game-1_icon_retina.png"; path = "../game-1_icon_retina.png"; sourceTree = "<group>"; };
		88B8EEF717398FFA00AAD8F4 /* Note-black.png */ = {isa = PBXFileReference; lastKnownFileType = image.png; path = "Note-black.png"; sourceTree = "<group>"; };
		88B8EEF917398FFA00AAD8F4 /* Note.png */ = {isa = PBXFileReference; lastKnownFileType = image.png; path = Note.png; sourceTree = "<group>"; };
		88B8EF0917399DB700AAD8F4 /* Dots-105x91-black.png */ = {isa = PBXFileReference; lastKnownFileType = image.png; path = "Dots-105x91-black.png"; sourceTree = "<group>"; };
		88B8EF0A17399DB700AAD8F4 /* Dots-105x91-white.png */ = {isa = PBXFileReference; lastKnownFileType = image.png; path = "Dots-105x91-white.png"; sourceTree = "<group>"; };
		88B8EF0B17399DB700AAD8F4 /* Dots-213x91-black.png */ = {isa = PBXFileReference; lastKnownFileType = image.png; path = "Dots-213x91-black.png"; sourceTree = "<group>"; };
		88B8EF0C17399DB700AAD8F4 /* Dots-213x91-white.png */ = {isa = PBXFileReference; lastKnownFileType = image.png; path = "Dots-213x91-white.png"; sourceTree = "<group>"; };
		88B8EF111739ACBB00AAD8F4 /* game-1.png */ = {isa = PBXFileReference; lastKnownFileType = image.png; path = "game-1.png"; sourceTree = "<group>"; };
		88B8EF13173AAF4300AAD8F4 /* Buy-button.png */ = {isa = PBXFileReference; lastKnownFileType = image.png; path = "Buy-button.png"; sourceTree = "<group>"; };
		88B8EF15173AAF6A00AAD8F4 /* Note-white.png */ = {isa = PBXFileReference; lastKnownFileType = image.png; path = "Note-white.png"; sourceTree = "<group>"; };
		88B8EF17173AAF9100AAD8F4 /* Random-white.png */ = {isa = PBXFileReference; lastKnownFileType = image.png; path = "Random-white.png"; sourceTree = "<group>"; };
		88B8EF19173AAF9E00AAD8F4 /* game-2.png */ = {isa = PBXFileReference; lastKnownFileType = image.png; path = "game-2.png"; sourceTree = "<group>"; };
		88B8EF2F173EA79000AAD8F4 /* 8.mp3 */ = {isa = PBXFileReference; lastKnownFileType = audio.mp3; path = 8.mp3; sourceTree = "<group>"; };
		88B8EF31173EA92900AAD8F4 /* Buy-Shapes.png */ = {isa = PBXFileReference; lastKnownFileType = image.png; path = "Buy-Shapes.png"; sourceTree = "<group>"; };
/* End PBXFileReference section */

/* Begin PBXFrameworksBuildPhase section */
		887976CC173441ED00935E17 /* Frameworks */ = {
			isa = PBXFrameworksBuildPhase;
			buildActionMask = 2147483647;
			files = (
				88B8EED21735853A00AAD8F4 /* AudioToolbox.framework in Frameworks */,
				887976F5173558E900935E17 /* QuartzCore.framework in Frameworks */,
				887976D3173441ED00935E17 /* UIKit.framework in Frameworks */,
				887976D5173441ED00935E17 /* Foundation.framework in Frameworks */,
				887976D7173441ED00935E17 /* CoreGraphics.framework in Frameworks */,
			);
			runOnlyForDeploymentPostprocessing = 0;
		};
/* End PBXFrameworksBuildPhase section */

/* Begin PBXGroup section */
		887976C6173441ED00935E17 = {
			isa = PBXGroup;
			children = (
				887976D8173441ED00935E17 /* BixGame */,
				887976D1173441ED00935E17 /* Frameworks */,
				887976D0173441ED00935E17 /* Products */,
			);
			sourceTree = "<group>";
		};
		887976D0173441ED00935E17 /* Products */ = {
			isa = PBXGroup;
			children = (
				887976CF173441ED00935E17 /* BixGame.app */,
			);
			name = Products;
			sourceTree = "<group>";
		};
		887976D1173441ED00935E17 /* Frameworks */ = {
			isa = PBXGroup;
			children = (
				88B8EED11735853A00AAD8F4 /* AudioToolbox.framework */,
				887976F4173558E900935E17 /* QuartzCore.framework */,
				887976D2173441ED00935E17 /* UIKit.framework */,
				887976D4173441ED00935E17 /* Foundation.framework */,
				887976D6173441ED00935E17 /* CoreGraphics.framework */,
			);
			name = Frameworks;
			sourceTree = "<group>";
		};
		887976D8173441ED00935E17 /* BixGame */ = {
			isa = PBXGroup;
			children = (
				887976E1173441ED00935E17 /* AppDelegate.h */,
				887976E2173441ED00935E17 /* AppDelegate.m */,
				887976EF1734422200935E17 /* ColorViewController.h */,
				887976F01734422200935E17 /* ColorViewController.m */,
				887976F11734422200935E17 /* ColorViewController.xib */,
				88B8EEE9173589EE00AAD8F4 /* UIButtonExtras.h */,
				88B8EEEA173589EE00AAD8F4 /* UIButtonExtras.m */,
				887976D9173441ED00935E17 /* Supporting Files */,
			);
			path = BixGame;
			sourceTree = "<group>";
		};
		887976D9173441ED00935E17 /* Supporting Files */ = {
			isa = PBXGroup;
			children = (
				88B8EF31173EA92900AAD8F4 /* Buy-Shapes.png */,
				88B8EF19173AAF9E00AAD8F4 /* game-2.png */,
				88B8EF17173AAF9100AAD8F4 /* Random-white.png */,
				88B8EF15173AAF6A00AAD8F4 /* Note-white.png */,
				88B8EF13173AAF4300AAD8F4 /* Buy-button.png */,
				88B8EF111739ACBB00AAD8F4 /* game-1.png */,
				88B8EF0917399DB700AAD8F4 /* Dots-105x91-black.png */,
				88B8EF0A17399DB700AAD8F4 /* Dots-105x91-white.png */,
				88B8EF0B17399DB700AAD8F4 /* Dots-213x91-black.png */,
				88B8EF0C17399DB700AAD8F4 /* Dots-213x91-white.png */,
				88B8EEF717398FFA00AAD8F4 /* Note-black.png */,
				88B8EEF917398FFA00AAD8F4 /* Note.png */,
				88B8EEEE173706BD00AAD8F4 /* game-1_icon_retina.png */,
				88B8EEEC1737067D00AAD8F4 /* game-1_icon.png */,
				88B8EEF01737070700AAD8F4 /* Audio */,
				887976DA173441ED00935E17 /* BixGame-Info.plist */,
				887976DB173441ED00935E17 /* InfoPlist.strings */,
				887976DE173441ED00935E17 /* main.m */,
				887976E0173441ED00935E17 /* BixGame-Prefix.pch */,
				887976E4173441ED00935E17 /* Default.png */,
				887976E6173441ED00935E17 /* Default@2x.png */,
				887976E8173441ED00935E17 /* Default-568h@2x.png */,
			);
			name = "Supporting Files";
			sourceTree = "<group>";
		};
		88B8EEF01737070700AAD8F4 /* Audio */ = {
			isa = PBXGroup;
			children = (
				88B8EED51735896E00AAD8F4 /* Black.mp3 */,
				88B8EED61735896E00AAD8F4 /* Blue.mp3 */,
				88B8EED71735896E00AAD8F4 /* Brown.mp3 */,
				88B8EED81735896E00AAD8F4 /* Green.mp3 */,
				88B8EED91735896E00AAD8F4 /* Gray.mp3 */,
				88B8EEDA1735896E00AAD8F4 /* Orange.mp3 */,
				88B8EEDB1735896E00AAD8F4 /* Pink.mp3 */,
				88B8EEDC1735896E00AAD8F4 /* Red.mp3 */,
				88B8EEDD1735896E00AAD8F4 /* White.mp3 */,
				88B8EEDE1735896E00AAD8F4 /* Yellow.mp3 */,
				88B8EEBF173583C800AAD8F4 /* 1.mp3 */,
				88B8EEC0173583C800AAD8F4 /* 2.mp3 */,
				88B8EEC1173583C800AAD8F4 /* 3.mp3 */,
				88B8EEC2173583C800AAD8F4 /* 4.mp3 */,
				88B8EEC3173583C800AAD8F4 /* 5.mp3 */,
				88B8EEC4173583C800AAD8F4 /* 6.mp3 */,
				88B8EEC5173583C800AAD8F4 /* 7.mp3 */,
				88B8EF2F173EA79000AAD8F4 /* 8.mp3 */,
				88B8EEC6173583C800AAD8F4 /* 9.mp3 */,
				88B8EEC7173583C800AAD8F4 /* 10.mp3 */,
				88B8EEBD173582B900AAD8F4 /* hello.mp3 */,
				88B8EEB71735825B00AAD8F4 /* 2-voice.mp3 */,
				88B8EEB81735825B00AAD8F4 /* numbers-song.mp3 */,
				88B8EEB91735825B00AAD8F4 /* 1-voice.mp3 */,
			);
			name = Audio;
			sourceTree = "<group>";
		};
/* End PBXGroup section */

/* Begin PBXNativeTarget section */
		887976CE173441ED00935E17 /* BixGame */ = {
			isa = PBXNativeTarget;
			buildConfigurationList = 887976EC173441ED00935E17 /* Build configuration list for PBXNativeTarget "BixGame" */;
			buildPhases = (
				887976CB173441ED00935E17 /* Sources */,
				887976CC173441ED00935E17 /* Frameworks */,
				887976CD173441ED00935E17 /* Resources */,
			);
			buildRules = (
			);
			dependencies = (
			);
			name = BixGame;
			productName = BixGame;
			productReference = 887976CF173441ED00935E17 /* BixGame.app */;
			productType = "com.apple.product-type.application";
		};
/* End PBXNativeTarget section */

/* Begin PBXProject section */
		887976C7173441ED00935E17 /* Project object */ = {
			isa = PBXProject;
			attributes = {
				LastUpgradeCheck = 0460;
				ORGANIZATIONNAME = "Nikola Kotarov";
			};
			buildConfigurationList = 887976CA173441ED00935E17 /* Build configuration list for PBXProject "BixGame" */;
			compatibilityVersion = "Xcode 3.2";
			developmentRegion = English;
			hasScannedForEncodings = 0;
			knownRegions = (
				en,
			);
			mainGroup = 887976C6173441ED00935E17;
			productRefGroup = 887976D0173441ED00935E17 /* Products */;
			projectDirPath = "";
			projectRoot = "";
			targets = (
				887976CE173441ED00935E17 /* BixGame */,
			);
		};
/* End PBXProject section */

/* Begin PBXResourcesBuildPhase section */
		887976CD173441ED00935E17 /* Resources */ = {
			isa = PBXResourcesBuildPhase;
			buildActionMask = 2147483647;
			files = (
				887976DD173441ED00935E17 /* InfoPlist.strings in Resources */,
				887976E5173441ED00935E17 /* Default.png in Resources */,
				887976E7173441ED00935E17 /* Default@2x.png in Resources */,
				887976E9173441ED00935E17 /* Default-568h@2x.png in Resources */,
				887976F31734422200935E17 /* ColorViewController.xib in Resources */,
				88B8EEBA1735825B00AAD8F4 /* 2-voice.mp3 in Resources */,
				88B8EEBB1735825B00AAD8F4 /* numbers-song.mp3 in Resources */,
				88B8EEBC1735825B00AAD8F4 /* 1-voice.mp3 in Resources */,
				88B8EEBE173582B900AAD8F4 /* hello.mp3 in Resources */,
				88B8EEC8173583C800AAD8F4 /* 1.mp3 in Resources */,
				88B8EEC9173583C800AAD8F4 /* 2.mp3 in Resources */,
				88B8EECA173583C800AAD8F4 /* 3.mp3 in Resources */,
				88B8EECB173583C800AAD8F4 /* 4.mp3 in Resources */,
				88B8EECC173583C800AAD8F4 /* 5.mp3 in Resources */,
				88B8EECD173583C800AAD8F4 /* 6.mp3 in Resources */,
				88B8EECE173583C800AAD8F4 /* 7.mp3 in Resources */,
				88B8EECF173583C800AAD8F4 /* 9.mp3 in Resources */,
				88B8EED0173583C800AAD8F4 /* 10.mp3 in Resources */,
				88B8EEDF1735896E00AAD8F4 /* Black.mp3 in Resources */,
				88B8EEE01735896E00AAD8F4 /* Blue.mp3 in Resources */,
				88B8EEE11735896E00AAD8F4 /* Brown.mp3 in Resources */,
				88B8EEE21735896E00AAD8F4 /* Green.mp3 in Resources */,
				88B8EEE31735896E00AAD8F4 /* Gray.mp3 in Resources */,
				88B8EEE41735896E00AAD8F4 /* Orange.mp3 in Resources */,
				88B8EEE51735896E00AAD8F4 /* Pink.mp3 in Resources */,
				88B8EEE61735896E00AAD8F4 /* Red.mp3 in Resources */,
				88B8EEE71735896E00AAD8F4 /* White.mp3 in Resources */,
				88B8EEE81735896E00AAD8F4 /* Yellow.mp3 in Resources */,
				88B8EEED1737067D00AAD8F4 /* game-1_icon.png in Resources */,
				88B8EEEF173706BD00AAD8F4 /* game-1_icon_retina.png in Resources */,
				88B8EEFE17398FFA00AAD8F4 /* Note-black.png in Resources */,
				88B8EF0017398FFA00AAD8F4 /* Note.png in Resources */,
				88B8EF0D17399DB700AAD8F4 /* Dots-105x91-black.png in Resources */,
				88B8EF0E17399DB700AAD8F4 /* Dots-105x91-white.png in Resources */,
				88B8EF0F17399DB700AAD8F4 /* Dots-213x91-black.png in Resources */,
				88B8EF1017399DB700AAD8F4 /* Dots-213x91-white.png in Resources */,
				88B8EF121739ACBB00AAD8F4 /* game-1.png in Resources */,
				88B8EF14173AAF4300AAD8F4 /* Buy-button.png in Resources */,
				88B8EF16173AAF6A00AAD8F4 /* Note-white.png in Resources */,
				88B8EF18173AAF9100AAD8F4 /* Random-white.png in Resources */,
				88B8EF1A173AAF9E00AAD8F4 /* game-2.png in Resources */,
				88B8EF30173EA79000AAD8F4 /* 8.mp3 in Resources */,
				88B8EF32173EA92A00AAD8F4 /* Buy-Shapes.png in Resources */,
			);
			runOnlyForDeploymentPostprocessing = 0;
		};
/* End PBXResourcesBuildPhase section */

/* Begin PBXSourcesBuildPhase section */
		887976CB173441ED00935E17 /* Sources */ = {
			isa = PBXSourcesBuildPhase;
			buildActionMask = 2147483647;
			files = (
				887976DF173441ED00935E17 /* main.m in Sources */,
				887976E3173441ED00935E17 /* AppDelegate.m in Sources */,
				887976F21734422200935E17 /* ColorViewController.m in Sources */,
				88B8EEEB173589EF00AAD8F4 /* UIButtonExtras.m in Sources */,
			);
			runOnlyForDeploymentPostprocessing = 0;
		};
/* End PBXSourcesBuildPhase section */

/* Begin PBXVariantGroup section */
		887976DB173441ED00935E17 /* InfoPlist.strings */ = {
			isa = PBXVariantGroup;
			children = (
				887976DC173441ED00935E17 /* en */,
			);
			name = InfoPlist.strings;
			sourceTree = "<group>";
		};
/* End PBXVariantGroup section */

/* Begin XCBuildConfiguration section */
		887976EA173441ED00935E17 /* Debug */ = {
			isa = XCBuildConfiguration;
			buildSettings = {
				ALWAYS_SEARCH_USER_PATHS = NO;
				CLANG_CXX_LANGUAGE_STANDARD = "gnu++0x";
				CLANG_CXX_LIBRARY = "libc++";
				CLANG_ENABLE_OBJC_ARC = YES;
				CLANG_WARN_CONSTANT_CONVERSION = YES;
				CLANG_WARN_EMPTY_BODY = YES;
				CLANG_WARN_ENUM_CONVERSION = YES;
				CLANG_WARN_INT_CONVERSION = YES;
				CLANG_WARN__DUPLICATE_METHOD_MATCH = YES;
				"CODE_SIGN_IDENTITY[sdk=iphoneos*]" = "iPhone Developer";
				COPY_PHASE_STRIP = NO;
				GCC_C_LANGUAGE_STANDARD = gnu99;
				GCC_DYNAMIC_NO_PIC = NO;
				GCC_OPTIMIZATION_LEVEL = 0;
				GCC_PREPROCESSOR_DEFINITIONS = (
					"DEBUG=1",
					"$(inherited)",
				);
				GCC_SYMBOLS_PRIVATE_EXTERN = NO;
				GCC_WARN_ABOUT_RETURN_TYPE = YES;
				GCC_WARN_UNINITIALIZED_AUTOS = YES;
				GCC_WARN_UNUSED_VARIABLE = YES;
				IPHONEOS_DEPLOYMENT_TARGET = 6.1;
				ONLY_ACTIVE_ARCH = YES;
				SDKROOT = iphoneos;
				TARGETED_DEVICE_FAMILY = "1,2";
			};
			name = Debug;
		};
		887976EB173441ED00935E17 /* Release */ = {
			isa = XCBuildConfiguration;
			buildSettings = {
				ALWAYS_SEARCH_USER_PATHS = NO;
				CLANG_CXX_LANGUAGE_STANDARD = "gnu++0x";
				CLANG_CXX_LIBRARY = "libc++";
				CLANG_ENABLE_OBJC_ARC = YES;
				CLANG_WARN_CONSTANT_CONVERSION = YES;
				CLANG_WARN_EMPTY_BODY = YES;
				CLANG_WARN_ENUM_CONVERSION = YES;
				CLANG_WARN_INT_CONVERSION = YES;
				CLANG_WARN__DUPLICATE_METHOD_MATCH = YES;
				"CODE_SIGN_IDENTITY[sdk=iphoneos*]" = "iPhone Developer";
				COPY_PHASE_STRIP = YES;
				GCC_C_LANGUAGE_STANDARD = gnu99;
				GCC_WARN_ABOUT_RETURN_TYPE = YES;
				GCC_WARN_UNINITIALIZED_AUTOS = YES;
				GCC_WARN_UNUSED_VARIABLE = YES;
				IPHONEOS_DEPLOYMENT_TARGET = 6.1;
				OTHER_CFLAGS = "-DNS_BLOCK_ASSERTIONS=1";
				SDKROOT = iphoneos;
				TARGETED_DEVICE_FAMILY = "1,2";
				VALIDATE_PRODUCT = YES;
			};
			name = Release;
		};
		887976ED173441ED00935E17 /* Debug */ = {
			isa = XCBuildConfiguration;
			buildSettings = {
				GCC_PRECOMPILE_PREFIX_HEADER = YES;
				GCC_PREFIX_HEADER = "BixGame/BixGame-Prefix.pch";
				INFOPLIST_FILE = "BixGame/BixGame-Info.plist";
				IPHONEOS_DEPLOYMENT_TARGET = 5.0;
				PRODUCT_NAME = "$(TARGET_NAME)";
				TARGETED_DEVICE_FAMILY = 1;
				WRAPPER_EXTENSION = app;
			};
			name = Debug;
		};
		887976EE173441ED00935E17 /* Release */ = {
			isa = XCBuildConfiguration;
			buildSettings = {
				GCC_PRECOMPILE_PREFIX_HEADER = YES;
				GCC_PREFIX_HEADER = "BixGame/BixGame-Prefix.pch";
				INFOPLIST_FILE = "BixGame/BixGame-Info.plist";
				IPHONEOS_DEPLOYMENT_TARGET = 5.0;
				PRODUCT_NAME = "$(TARGET_NAME)";
				TARGETED_DEVICE_FAMILY = 1;
				WRAPPER_EXTENSION = app;
			};
			name = Release;
		};
/* End XCBuildConfiguration section */

/* Begin XCConfigurationList section */
		887976CA173441ED00935E17 /* Build configuration list for PBXProject "BixGame" */ = {
			isa = XCConfigurationList;
			buildConfigurations = (
				887976EA173441ED00935E17 /* Debug */,
				887976EB173441ED00935E17 /* Release */,
			);
			defaultConfigurationIsVisible = 0;
			defaultConfigurationName = Release;
		};
		887976EC173441ED00935E17 /* Build configuration list for PBXNativeTarget "BixGame" */ = {
			isa = XCConfigurationList;
			buildConfigurations = (
				887976ED173441ED00935E17 /* Debug */,
				887976EE173441ED00935E17 /* Release */,
			);
			defaultConfigurationIsVisible = 0;
			defaultConfigurationName = Release;
		};
/* End XCConfigurationList section */
	};
	rootObject = 887976C7173441ED00935E17 /* Project object */;
}
